// !$*UTF8*$!
{
	archiveVersion = 1;
	classes = {
	};
	objectVersion = 56;
	objects = {

/* Begin PBXBuildFile section */
		A30CB3B12A2B452D00700827 /* ResponseStruct.swift in Sources */ = {isa = PBXBuildFile; fileRef = A30CB3B02A2B452D00700827 /* ResponseStruct.swift */; };
		A31F19632A2E27C900AE5B7B /* DataManager.swift in Sources */ = {isa = PBXBuildFile; fileRef = A31F19622A2E27C900AE5B7B /* DataManager.swift */; };
		A32954972A2CF24C004282DD /* FilmsNotFoundView.swift in Sources */ = {isa = PBXBuildFile; fileRef = A32954962A2CF24C004282DD /* FilmsNotFoundView.swift */; };
		A337AD1E2A2B2C550046FE9C /* FilmReviewView.swift in Sources */ = {isa = PBXBuildFile; fileRef = A337AD1D2A2B2C550046FE9C /* FilmReviewView.swift */; };
		A337AD222A2B3F350046FE9C /* FilmReviewViewController.swift in Sources */ = {isa = PBXBuildFile; fileRef = A337AD212A2B3F350046FE9C /* FilmReviewViewController.swift */; };
		A337AD242A2B40390046FE9C /* FilmReviewModel.swift in Sources */ = {isa = PBXBuildFile; fileRef = A337AD232A2B40390046FE9C /* FilmReviewModel.swift */; };
		A34279802A288F010092C43E /* AppDelegate.swift in Sources */ = {isa = PBXBuildFile; fileRef = A342797F2A288F010092C43E /* AppDelegate.swift */; };
		A34279822A288F010092C43E /* SceneDelegate.swift in Sources */ = {isa = PBXBuildFile; fileRef = A34279812A288F010092C43E /* SceneDelegate.swift */; };
		A34279842A288F010092C43E /* FilmsViewController.swift in Sources */ = {isa = PBXBuildFile; fileRef = A34279832A288F010092C43E /* FilmsViewController.swift */; };
		A34279892A288F050092C43E /* Assets.xcassets in Resources */ = {isa = PBXBuildFile; fileRef = A34279882A288F050092C43E /* Assets.xcassets */; };
		A34279942A2897D90092C43E /* FilmsView.swift in Sources */ = {isa = PBXBuildFile; fileRef = A34279932A2897D90092C43E /* FilmsView.swift */; };
		A342799B2A289F120092C43E /* UIFont+CustomFont.swift in Sources */ = {isa = PBXBuildFile; fileRef = A342799A2A289F120092C43E /* UIFont+CustomFont.swift */; };
		A342799F2A28B7A20092C43E /* FilmsModel.swift in Sources */ = {isa = PBXBuildFile; fileRef = A342799E2A28B7A20092C43E /* FilmsModel.swift */; };
		A34279A12A28B7F80092C43E /* FilmsTableViewDataSource.swift in Sources */ = {isa = PBXBuildFile; fileRef = A34279A02A28B7F80092C43E /* FilmsTableViewDataSource.swift */; };
		A34279A32A28C7810092C43E /* Roboto-Medium.ttf in Resources */ = {isa = PBXBuildFile; fileRef = A34279A22A28C7810092C43E /* Roboto-Medium.ttf */; };
		A34279A52A28C78E0092C43E /* Roboto-Regular.ttf in Resources */ = {isa = PBXBuildFile; fileRef = A34279A42A28C78E0092C43E /* Roboto-Regular.ttf */; };
		A378E1B02A2C9579001F7667 /* FilmSearchViewController.swift in Sources */ = {isa = PBXBuildFile; fileRef = A378E1AF2A2C9579001F7667 /* FilmSearchViewController.swift */; };
		A378E1B22A2C95C2001F7667 /* FilmSearchModel.swift in Sources */ = {isa = PBXBuildFile; fileRef = A378E1B12A2C95C2001F7667 /* FilmSearchModel.swift */; };
		A378E1B42A2C9EA4001F7667 /* SearchTextDelegate.swift in Sources */ = {isa = PBXBuildFile; fileRef = A378E1B32A2C9EA4001F7667 /* SearchTextDelegate.swift */; };
		A37F15B92A2B68870064A209 /* Roboto-Black.ttf in Resources */ = {isa = PBXBuildFile; fileRef = A37F15B82A2B684E0064A209 /* Roboto-Black.ttf */; };
		A3BB8C152A29F5D5000A6D0D /* ResponseStructure.swift in Sources */ = {isa = PBXBuildFile; fileRef = A3BB8C142A29F5D5000A6D0D /* ResponseStructure.swift */; };
		A3BB8C172A2A09D2000A6D0D /* UIImageView+loadImage.swift in Sources */ = {isa = PBXBuildFile; fileRef = A3BB8C162A2A09D2000A6D0D /* UIImageView+loadImage.swift */; };
		A3BB8C1A2A2A0A07000A6D0D /* ImageManager.swift in Sources */ = {isa = PBXBuildFile; fileRef = A3BB8C192A2A0A07000A6D0D /* ImageManager.swift */; };
		A3F180A32A2A2299005E9D60 /* LoadingView.swift in Sources */ = {isa = PBXBuildFile; fileRef = A3F180A22A2A2299005E9D60 /* LoadingView.swift */; };
		A3F180A52A2A32F4005E9D60 /* UIImageView+rotateView.swift in Sources */ = {isa = PBXBuildFile; fileRef = A3F180A42A2A32F4005E9D60 /* UIImageView+rotateView.swift */; };
		A3F180A72A2A54B3005E9D60 /* LoadingErrorView.swift in Sources */ = {isa = PBXBuildFile; fileRef = A3F180A62A2A54B3005E9D60 /* LoadingErrorView.swift */; };
/* End PBXBuildFile section */

/* Begin PBXFileReference section */
		A30CB3B02A2B452D00700827 /* ResponseStruct.swift */ = {isa = PBXFileReference; lastKnownFileType = sourcecode.swift; path = ResponseStruct.swift; sourceTree = "<group>"; };
		A31F19622A2E27C900AE5B7B /* DataManager.swift */ = {isa = PBXFileReference; lastKnownFileType = sourcecode.swift; path = DataManager.swift; sourceTree = "<group>"; };
		A32954962A2CF24C004282DD /* FilmsNotFoundView.swift */ = {isa = PBXFileReference; lastKnownFileType = sourcecode.swift; path = FilmsNotFoundView.swift; sourceTree = "<group>"; };
		A337AD1D2A2B2C550046FE9C /* FilmReviewView.swift */ = {isa = PBXFileReference; lastKnownFileType = sourcecode.swift; path = FilmReviewView.swift; sourceTree = "<group>"; };
		A337AD212A2B3F350046FE9C /* FilmReviewViewController.swift */ = {isa = PBXFileReference; lastKnownFileType = sourcecode.swift; path = FilmReviewViewController.swift; sourceTree = "<group>"; };
		A337AD232A2B40390046FE9C /* FilmReviewModel.swift */ = {isa = PBXFileReference; lastKnownFileType = sourcecode.swift; path = FilmReviewModel.swift; sourceTree = "<group>"; };
		A342797C2A288F010092C43E /* ReshenieTestApp.app */ = {isa = PBXFileReference; explicitFileType = wrapper.application; includeInIndex = 0; path = ReshenieTestApp.app; sourceTree = BUILT_PRODUCTS_DIR; };
		A342797F2A288F010092C43E /* AppDelegate.swift */ = {isa = PBXFileReference; lastKnownFileType = sourcecode.swift; path = AppDelegate.swift; sourceTree = "<group>"; };
		A34279812A288F010092C43E /* SceneDelegate.swift */ = {isa = PBXFileReference; lastKnownFileType = sourcecode.swift; path = SceneDelegate.swift; sourceTree = "<group>"; };
		A34279832A288F010092C43E /* FilmsViewController.swift */ = {isa = PBXFileReference; lastKnownFileType = sourcecode.swift; path = FilmsViewController.swift; sourceTree = "<group>"; };
		A34279882A288F050092C43E /* Assets.xcassets */ = {isa = PBXFileReference; lastKnownFileType = folder.assetcatalog; path = Assets.xcassets; sourceTree = "<group>"; };
		A342798B2A288F050092C43E /* Base */ = {isa = PBXFileReference; lastKnownFileType = file.storyboard; name = Base; path = Base.lproj/LaunchScreen.storyboard; sourceTree = "<group>"; };
		A342798D2A288F050092C43E /* Info.plist */ = {isa = PBXFileReference; lastKnownFileType = text.plist.xml; path = Info.plist; sourceTree = "<group>"; };
		A34279932A2897D90092C43E /* FilmsView.swift */ = {isa = PBXFileReference; lastKnownFileType = sourcecode.swift; path = FilmsView.swift; sourceTree = "<group>"; };
		A342799A2A289F120092C43E /* UIFont+CustomFont.swift */ = {isa = PBXFileReference; lastKnownFileType = sourcecode.swift; path = "UIFont+CustomFont.swift"; sourceTree = "<group>"; };
		A342799E2A28B7A20092C43E /* FilmsModel.swift */ = {isa = PBXFileReference; lastKnownFileType = sourcecode.swift; path = FilmsModel.swift; sourceTree = "<group>"; };
		A34279A02A28B7F80092C43E /* FilmsTableViewDataSource.swift */ = {isa = PBXFileReference; lastKnownFileType = sourcecode.swift; path = FilmsTableViewDataSource.swift; sourceTree = "<group>"; };
		A34279A22A28C7810092C43E /* Roboto-Medium.ttf */ = {isa = PBXFileReference; lastKnownFileType = file; name = "Roboto-Medium.ttf"; path = "Roboto/Roboto-Medium.ttf"; sourceTree = "<group>"; };
		A34279A42A28C78E0092C43E /* Roboto-Regular.ttf */ = {isa = PBXFileReference; lastKnownFileType = file; name = "Roboto-Regular.ttf"; path = "Roboto/Roboto-Regular.ttf"; sourceTree = "<group>"; };
		A378E1AF2A2C9579001F7667 /* FilmSearchViewController.swift */ = {isa = PBXFileReference; lastKnownFileType = sourcecode.swift; path = FilmSearchViewController.swift; sourceTree = "<group>"; };
		A378E1B12A2C95C2001F7667 /* FilmSearchModel.swift */ = {isa = PBXFileReference; lastKnownFileType = sourcecode.swift; path = FilmSearchModel.swift; sourceTree = "<group>"; };
		A378E1B32A2C9EA4001F7667 /* SearchTextDelegate.swift */ = {isa = PBXFileReference; lastKnownFileType = sourcecode.swift; path = SearchTextDelegate.swift; sourceTree = "<group>"; };
		A37F15B82A2B684E0064A209 /* Roboto-Black.ttf */ = {isa = PBXFileReference; lastKnownFileType = file; name = "Roboto-Black.ttf"; path = "Roboto/Roboto-Black.ttf"; sourceTree = "<group>"; };
		A3BB8C142A29F5D5000A6D0D /* ResponseStructure.swift */ = {isa = PBXFileReference; lastKnownFileType = sourcecode.swift; path = ResponseStructure.swift; sourceTree = "<group>"; };
		A3BB8C162A2A09D2000A6D0D /* UIImageView+loadImage.swift */ = {isa = PBXFileReference; lastKnownFileType = sourcecode.swift; path = "UIImageView+loadImage.swift"; sourceTree = "<group>"; };
		A3BB8C192A2A0A07000A6D0D /* ImageManager.swift */ = {isa = PBXFileReference; lastKnownFileType = sourcecode.swift; path = ImageManager.swift; sourceTree = "<group>"; };
		A3F180A22A2A2299005E9D60 /* LoadingView.swift */ = {isa = PBXFileReference; lastKnownFileType = sourcecode.swift; path = LoadingView.swift; sourceTree = "<group>"; };
		A3F180A42A2A32F4005E9D60 /* UIImageView+rotateView.swift */ = {isa = PBXFileReference; lastKnownFileType = sourcecode.swift; path = "UIImageView+rotateView.swift"; sourceTree = "<group>"; };
		A3F180A62A2A54B3005E9D60 /* LoadingErrorView.swift */ = {isa = PBXFileReference; lastKnownFileType = sourcecode.swift; path = LoadingErrorView.swift; sourceTree = "<group>"; };
/* End PBXFileReference section */

/* Begin PBXFrameworksBuildPhase section */
		A34279792A288F010092C43E /* Frameworks */ = {
			isa = PBXFrameworksBuildPhase;
			buildActionMask = 2147483647;
			files = (
			);
			runOnlyForDeploymentPostprocessing = 0;
		};
/* End PBXFrameworksBuildPhase section */

/* Begin PBXGroup section */
		A30CB3B22A2B52D900700827 /* Views */ = {
			isa = PBXGroup;
			children = (
				A3F180A22A2A2299005E9D60 /* LoadingView.swift */,
				A3F180A62A2A54B3005E9D60 /* LoadingErrorView.swift */,
			);
			path = Views;
			sourceTree = "<group>";
		};
		A31F19612A2E27B000AE5B7B /* DataManager */ = {
			isa = PBXGroup;
			children = (
				A31F19622A2E27C900AE5B7B /* DataManager.swift */,
			);
			path = DataManager;
			sourceTree = "<group>";
		};
		A337AD1C2A2B2BEE0046FE9C /* FilmReview */ = {
			isa = PBXGroup;
			children = (
				A337AD1D2A2B2C550046FE9C /* FilmReviewView.swift */,
				A337AD212A2B3F350046FE9C /* FilmReviewViewController.swift */,
				A337AD232A2B40390046FE9C /* FilmReviewModel.swift */,
				A30CB3B02A2B452D00700827 /* ResponseStruct.swift */,
			);
			path = FilmReview;
			sourceTree = "<group>";
		};
		A34279732A288F010092C43E = {
			isa = PBXGroup;
			children = (
				A342797E2A288F010092C43E /* ReshenieTestApp */,
				A342797D2A288F010092C43E /* Products */,
			);
			sourceTree = "<group>";
		};
		A342797D2A288F010092C43E /* Products */ = {
			isa = PBXGroup;
			children = (
				A342797C2A288F010092C43E /* ReshenieTestApp.app */,
			);
			name = Products;
			sourceTree = "<group>";
		};
		A342797E2A288F010092C43E /* ReshenieTestApp */ = {
			isa = PBXGroup;
			children = (
				A31F19612A2E27B000AE5B7B /* DataManager */,
				A3BB8C182A2A09F5000A6D0D /* ImageManager */,
				A34279992A289EE90092C43E /* Extension */,
				A30CB3B22A2B52D900700827 /* Views */,
				A3F180A82A2A65E7005E9D60 /* Films */,
				A337AD1C2A2B2BEE0046FE9C /* FilmReview */,
				A378E1AC2A2C93C4001F7667 /* FilmSearch */,
				A342797F2A288F010092C43E /* AppDelegate.swift */,
				A34279812A288F010092C43E /* SceneDelegate.swift */,
				A34279882A288F050092C43E /* Assets.xcassets */,
				A342798A2A288F050092C43E /* LaunchScreen.storyboard */,
				A342798D2A288F050092C43E /* Info.plist */,
				A34279A22A28C7810092C43E /* Roboto-Medium.ttf */,
				A34279A42A28C78E0092C43E /* Roboto-Regular.ttf */,
				A37F15B82A2B684E0064A209 /* Roboto-Black.ttf */,
			);
			path = ReshenieTestApp;
			sourceTree = "<group>";
		};
		A34279992A289EE90092C43E /* Extension */ = {
			isa = PBXGroup;
			children = (
				A342799A2A289F120092C43E /* UIFont+CustomFont.swift */,
				A3BB8C162A2A09D2000A6D0D /* UIImageView+loadImage.swift */,
				A3F180A42A2A32F4005E9D60 /* UIImageView+rotateView.swift */,
			);
			path = Extension;
			sourceTree = "<group>";
		};
		A378E1AC2A2C93C4001F7667 /* FilmSearch */ = {
			isa = PBXGroup;
			children = (
				A378E1AF2A2C9579001F7667 /* FilmSearchViewController.swift */,
				A378E1B12A2C95C2001F7667 /* FilmSearchModel.swift */,
				A378E1B32A2C9EA4001F7667 /* SearchTextDelegate.swift */,
				A32954962A2CF24C004282DD /* FilmsNotFoundView.swift */,
			);
			path = FilmSearch;
			sourceTree = "<group>";
		};
		A3BB8C182A2A09F5000A6D0D /* ImageManager */ = {
			isa = PBXGroup;
			children = (
				A3BB8C192A2A0A07000A6D0D /* ImageManager.swift */,
			);
			path = ImageManager;
			sourceTree = "<group>";
		};
		A3F180A82A2A65E7005E9D60 /* Films */ = {
			isa = PBXGroup;
			children = (
				A34279832A288F010092C43E /* FilmsViewController.swift */,
				A342799E2A28B7A20092C43E /* FilmsModel.swift */,
				A34279932A2897D90092C43E /* FilmsView.swift */,
				A34279A02A28B7F80092C43E /* FilmsTableViewDataSource.swift */,
				A3BB8C142A29F5D5000A6D0D /* ResponseStructure.swift */,
			);
			path = Films;
			sourceTree = "<group>";
		};
/* End PBXGroup section */

/* Begin PBXNativeTarget section */
		A342797B2A288F010092C43E /* ReshenieTestApp */ = {
			isa = PBXNativeTarget;
			buildConfigurationList = A34279902A288F050092C43E /* Build configuration list for PBXNativeTarget "ReshenieTestApp" */;
			buildPhases = (
				A34279782A288F010092C43E /* Sources */,
				A34279792A288F010092C43E /* Frameworks */,
				A342797A2A288F010092C43E /* Resources */,
			);
			buildRules = (
			);
			dependencies = (
			);
			name = ReshenieTestApp;
			productName = ReshenieTestApp;
			productReference = A342797C2A288F010092C43E /* ReshenieTestApp.app */;
			productType = "com.apple.product-type.application";
		};
/* End PBXNativeTarget section */

/* Begin PBXProject section */
		A34279742A288F010092C43E /* Project object */ = {
			isa = PBXProject;
			attributes = {
				BuildIndependentTargetsInParallel = 1;
				LastSwiftUpdateCheck = 1420;
				LastUpgradeCheck = 1420;
				TargetAttributes = {
					A342797B2A288F010092C43E = {
						CreatedOnToolsVersion = 14.2;
					};
				};
			};
			buildConfigurationList = A34279772A288F010092C43E /* Build configuration list for PBXProject "ReshenieTestApp" */;
			compatibilityVersion = "Xcode 14.0";
			developmentRegion = en;
			hasScannedForEncodings = 0;
			knownRegions = (
				en,
				Base,
			);
			mainGroup = A34279732A288F010092C43E;
			productRefGroup = A342797D2A288F010092C43E /* Products */;
			projectDirPath = "";
			projectRoot = "";
			targets = (
				A342797B2A288F010092C43E /* ReshenieTestApp */,
			);
		};
/* End PBXProject section */

/* Begin PBXResourcesBuildPhase section */
		A342797A2A288F010092C43E /* Resources */ = {
			isa = PBXResourcesBuildPhase;
			buildActionMask = 2147483647;
			files = (
				A37F15B92A2B68870064A209 /* Roboto-Black.ttf in Resources */,
				A34279892A288F050092C43E /* Assets.xcassets in Resources */,
				A34279A52A28C78E0092C43E /* Roboto-Regular.ttf in Resources */,
				A34279A32A28C7810092C43E /* Roboto-Medium.ttf in Resources */,
			);
			runOnlyForDeploymentPostprocessing = 0;
		};
/* End PBXResourcesBuildPhase section */

/* Begin PBXSourcesBuildPhase section */
		A34279782A288F010092C43E /* Sources */ = {
			isa = PBXSourcesBuildPhase;
			buildActionMask = 2147483647;
			files = (
				A378E1B42A2C9EA4001F7667 /* SearchTextDelegate.swift in Sources */,
				A34279942A2897D90092C43E /* FilmsView.swift in Sources */,
				A3F180A52A2A32F4005E9D60 /* UIImageView+rotateView.swift in Sources */,
				A337AD222A2B3F350046FE9C /* FilmReviewViewController.swift in Sources */,
				A3BB8C1A2A2A0A07000A6D0D /* ImageManager.swift in Sources */,
				A32954972A2CF24C004282DD /* FilmsNotFoundView.swift in Sources */,
				A342799B2A289F120092C43E /* UIFont+CustomFont.swift in Sources */,
				A378E1B02A2C9579001F7667 /* FilmSearchViewController.swift in Sources */,
				A3F180A72A2A54B3005E9D60 /* LoadingErrorView.swift in Sources */,
				A3F180A32A2A2299005E9D60 /* LoadingView.swift in Sources */,
				A34279842A288F010092C43E /* FilmsViewController.swift in Sources */,
				A342799F2A28B7A20092C43E /* FilmsModel.swift in Sources */,
				A3BB8C152A29F5D5000A6D0D /* ResponseStructure.swift in Sources */,
				A34279802A288F010092C43E /* AppDelegate.swift in Sources */,
				A337AD242A2B40390046FE9C /* FilmReviewModel.swift in Sources */,
				A34279822A288F010092C43E /* SceneDelegate.swift in Sources */,
				A34279A12A28B7F80092C43E /* FilmsTableViewDataSource.swift in Sources */,
				A337AD1E2A2B2C550046FE9C /* FilmReviewView.swift in Sources */,
				A30CB3B12A2B452D00700827 /* ResponseStruct.swift in Sources */,
				A31F19632A2E27C900AE5B7B /* DataManager.swift in Sources */,
				A3BB8C172A2A09D2000A6D0D /* UIImageView+loadImage.swift in Sources */,
				A378E1B22A2C95C2001F7667 /* FilmSearchModel.swift in Sources */,
			);
			runOnlyForDeploymentPostprocessing = 0;
		};
/* End PBXSourcesBuildPhase section */

/* Begin PBXVariantGroup section */
		A342798A2A288F050092C43E /* LaunchScreen.storyboard */ = {
			isa = PBXVariantGroup;
			children = (
				A342798B2A288F050092C43E /* Base */,
			);
			name = LaunchScreen.storyboard;
			sourceTree = "<group>";
		};
/* End PBXVariantGroup section */

/* Begin XCBuildConfiguration section */
		A342798E2A288F050092C43E /* Debug */ = {
			isa = XCBuildConfiguration;
			buildSettings = {
				ALWAYS_SEARCH_USER_PATHS = NO;
				CLANG_ANALYZER_NONNULL = YES;
				CLANG_ANALYZER_NUMBER_OBJECT_CONVERSION = YES_AGGRESSIVE;
				CLANG_CXX_LANGUAGE_STANDARD = "gnu++20";
				CLANG_ENABLE_MODULES = YES;
				CLANG_ENABLE_OBJC_ARC = YES;
				CLANG_ENABLE_OBJC_WEAK = YES;
				CLANG_WARN_BLOCK_CAPTURE_AUTORELEASING = YES;
				CLANG_WARN_BOOL_CONVERSION = YES;
				CLANG_WARN_COMMA = YES;
				CLANG_WARN_CONSTANT_CONVERSION = YES;
				CLANG_WARN_DEPRECATED_OBJC_IMPLEMENTATIONS = YES;
				CLANG_WARN_DIRECT_OBJC_ISA_USAGE = YES_ERROR;
				CLANG_WARN_DOCUMENTATION_COMMENTS = YES;
				CLANG_WARN_EMPTY_BODY = YES;
				CLANG_WARN_ENUM_CONVERSION = YES;
				CLANG_WARN_INFINITE_RECURSION = YES;
				CLANG_WARN_INT_CONVERSION = YES;
				CLANG_WARN_NON_LITERAL_NULL_CONVERSION = YES;
				CLANG_WARN_OBJC_IMPLICIT_RETAIN_SELF = YES;
				CLANG_WARN_OBJC_LITERAL_CONVERSION = YES;
				CLANG_WARN_OBJC_ROOT_CLASS = YES_ERROR;
				CLANG_WARN_QUOTED_INCLUDE_IN_FRAMEWORK_HEADER = YES;
				CLANG_WARN_RANGE_LOOP_ANALYSIS = YES;
				CLANG_WARN_STRICT_PROTOTYPES = YES;
				CLANG_WARN_SUSPICIOUS_MOVE = YES;
				CLANG_WARN_UNGUARDED_AVAILABILITY = YES_AGGRESSIVE;
				CLANG_WARN_UNREACHABLE_CODE = YES;
				CLANG_WARN__DUPLICATE_METHOD_MATCH = YES;
				COPY_PHASE_STRIP = NO;
				DEBUG_INFORMATION_FORMAT = dwarf;
				ENABLE_STRICT_OBJC_MSGSEND = YES;
				ENABLE_TESTABILITY = YES;
				GCC_C_LANGUAGE_STANDARD = gnu11;
				GCC_DYNAMIC_NO_PIC = NO;
				GCC_NO_COMMON_BLOCKS = YES;
				GCC_OPTIMIZATION_LEVEL = 0;
				GCC_PREPROCESSOR_DEFINITIONS = (
					"DEBUG=1",
					"$(inherited)",
				);
				GCC_WARN_64_TO_32_BIT_CONVERSION = YES;
				GCC_WARN_ABOUT_RETURN_TYPE = YES_ERROR;
				GCC_WARN_UNDECLARED_SELECTOR = YES;
				GCC_WARN_UNINITIALIZED_AUTOS = YES_AGGRESSIVE;
				GCC_WARN_UNUSED_FUNCTION = YES;
				GCC_WARN_UNUSED_VARIABLE = YES;
				IPHONEOS_DEPLOYMENT_TARGET = 16.2;
				MTL_ENABLE_DEBUG_INFO = INCLUDE_SOURCE;
				MTL_FAST_MATH = YES;
				ONLY_ACTIVE_ARCH = YES;
				SDKROOT = iphoneos;
				SWIFT_ACTIVE_COMPILATION_CONDITIONS = DEBUG;
				SWIFT_OPTIMIZATION_LEVEL = "-Onone";
			};
			name = Debug;
		};
		A342798F2A288F050092C43E /* Release */ = {
			isa = XCBuildConfiguration;
			buildSettings = {
				ALWAYS_SEARCH_USER_PATHS = NO;
				CLANG_ANALYZER_NONNULL = YES;
				CLANG_ANALYZER_NUMBER_OBJECT_CONVERSION = YES_AGGRESSIVE;
				CLANG_CXX_LANGUAGE_STANDARD = "gnu++20";
				CLANG_ENABLE_MODULES = YES;
				CLANG_ENABLE_OBJC_ARC = YES;
				CLANG_ENABLE_OBJC_WEAK = YES;
				CLANG_WARN_BLOCK_CAPTURE_AUTORELEASING = YES;
				CLANG_WARN_BOOL_CONVERSION = YES;
				CLANG_WARN_COMMA = YES;
				CLANG_WARN_CONSTANT_CONVERSION = YES;
				CLANG_WARN_DEPRECATED_OBJC_IMPLEMENTATIONS = YES;
				CLANG_WARN_DIRECT_OBJC_ISA_USAGE = YES_ERROR;
				CLANG_WARN_DOCUMENTATION_COMMENTS = YES;
				CLANG_WARN_EMPTY_BODY = YES;
				CLANG_WARN_ENUM_CONVERSION = YES;
				CLANG_WARN_INFINITE_RECURSION = YES;
				CLANG_WARN_INT_CONVERSION = YES;
				CLANG_WARN_NON_LITERAL_NULL_CONVERSION = YES;
				CLANG_WARN_OBJC_IMPLICIT_RETAIN_SELF = YES;
				CLANG_WARN_OBJC_LITERAL_CONVERSION = YES;
				CLANG_WARN_OBJC_ROOT_CLASS = YES_ERROR;
				CLANG_WARN_QUOTED_INCLUDE_IN_FRAMEWORK_HEADER = YES;
				CLANG_WARN_RANGE_LOOP_ANALYSIS = YES;
				CLANG_WARN_STRICT_PROTOTYPES = YES;
				CLANG_WARN_SUSPICIOUS_MOVE = YES;
				CLANG_WARN_UNGUARDED_AVAILABILITY = YES_AGGRESSIVE;
				CLANG_WARN_UNREACHABLE_CODE = YES;
				CLANG_WARN__DUPLICATE_METHOD_MATCH = YES;
				COPY_PHASE_STRIP = NO;
				DEBUG_INFORMATION_FORMAT = "dwarf-with-dsym";
				ENABLE_NS_ASSERTIONS = NO;
				ENABLE_STRICT_OBJC_MSGSEND = YES;
				GCC_C_LANGUAGE_STANDARD = gnu11;
				GCC_NO_COMMON_BLOCKS = YES;
				GCC_WARN_64_TO_32_BIT_CONVERSION = YES;
				GCC_WARN_ABOUT_RETURN_TYPE = YES_ERROR;
				GCC_WARN_UNDECLARED_SELECTOR = YES;
				GCC_WARN_UNINITIALIZED_AUTOS = YES_AGGRESSIVE;
				GCC_WARN_UNUSED_FUNCTION = YES;
				GCC_WARN_UNUSED_VARIABLE = YES;
				IPHONEOS_DEPLOYMENT_TARGET = 16.2;
				MTL_ENABLE_DEBUG_INFO = NO;
				MTL_FAST_MATH = YES;
				SDKROOT = iphoneos;
				SWIFT_COMPILATION_MODE = wholemodule;
				SWIFT_OPTIMIZATION_LEVEL = "-O";
				VALIDATE_PRODUCT = YES;
			};
			name = Release;
		};
		A34279912A288F050092C43E /* Debug */ = {
			isa = XCBuildConfiguration;
			buildSettings = {
				ASSETCATALOG_COMPILER_APPICON_NAME = AppIcon;
				ASSETCATALOG_COMPILER_GLOBAL_ACCENT_COLOR_NAME = AccentColor;
				CODE_SIGN_STYLE = Automatic;
				CURRENT_PROJECT_VERSION = 1;
				GENERATE_INFOPLIST_FILE = YES;
				INFOPLIST_FILE = ReshenieTestApp/Info.plist;
				INFOPLIST_KEY_UIApplicationSupportsIndirectInputEvents = YES;
				INFOPLIST_KEY_UILaunchStoryboardName = LaunchScreen;
				INFOPLIST_KEY_UISupportedInterfaceOrientations = UIInterfaceOrientationPortrait;
				LD_RUNPATH_SEARCH_PATHS = (
					"$(inherited)",
					"@executable_path/Frameworks",
				);
				MARKETING_VERSION = 1.0;
				PRODUCT_BUNDLE_IDENTIFIER = Julia.ReshenieTestApp;
				PRODUCT_NAME = "$(TARGET_NAME)";
				SWIFT_EMIT_LOC_STRINGS = YES;
				SWIFT_VERSION = 5.0;
				TARGETED_DEVICE_FAMILY = "1,2";
			};
			name = Debug;
		};
		A34279922A288F050092C43E /* Release */ = {
			isa = XCBuildConfiguration;
			buildSettings = {
				ASSETCATALOG_COMPILER_APPICON_NAME = AppIcon;
				ASSETCATALOG_COMPILER_GLOBAL_ACCENT_COLOR_NAME = AccentColor;
				CODE_SIGN_STYLE = Automatic;
				CURRENT_PROJECT_VERSION = 1;
				GENERATE_INFOPLIST_FILE = YES;
				INFOPLIST_FILE = ReshenieTestApp/Info.plist;
				INFOPLIST_KEY_UIApplicationSupportsIndirectInputEvents = YES;
				INFOPLIST_KEY_UILaunchStoryboardName = LaunchScreen;
				INFOPLIST_KEY_UISupportedInterfaceOrientations = UIInterfaceOrientationPortrait;
				LD_RUNPATH_SEARCH_PATHS = (
					"$(inherited)",
					"@executable_path/Frameworks",
				);
				MARKETING_VERSION = 1.0;
				PRODUCT_BUNDLE_IDENTIFIER = Julia.ReshenieTestApp;
				PRODUCT_NAME = "$(TARGET_NAME)";
				SWIFT_EMIT_LOC_STRINGS = YES;
				SWIFT_VERSION = 5.0;
				TARGETED_DEVICE_FAMILY = "1,2";
			};
			name = Release;
		};
/* End XCBuildConfiguration section */

/* Begin XCConfigurationList section */
		A34279772A288F010092C43E /* Build configuration list for PBXProject "ReshenieTestApp" */ = {
			isa = XCConfigurationList;
			buildConfigurations = (
				A342798E2A288F050092C43E /* Debug */,
				A342798F2A288F050092C43E /* Release */,
			);
			defaultConfigurationIsVisible = 0;
			defaultConfigurationName = Release;
		};
		A34279902A288F050092C43E /* Build configuration list for PBXNativeTarget "ReshenieTestApp" */ = {
			isa = XCConfigurationList;
			buildConfigurations = (
				A34279912A288F050092C43E /* Debug */,
				A34279922A288F050092C43E /* Release */,
			);
			defaultConfigurationIsVisible = 0;
			defaultConfigurationName = Release;
		};
/* End XCConfigurationList section */
	};
	rootObject = A34279742A288F010092C43E /* Project object */;
}
